
Microsoft Visual Studio Solution File, Format Version 12.00
# Visual Studio Version 16
VisualStudioVersion = 16.0.30503.244
MinimumVisualStudioVersion = 10.0.40219.1
Project("{FAE04EC0-301F-11D3-BF4B-00C04F79EFBC}") = "AutoClickerProgram", "AutoClickerProgram\AutoClickerProgram.csproj", "{5826B7C3-4127-427C-BBBC-BD14AD583944}"
EndProject
Project("{FAE04EC0-301F-11D3-BF4B-00C04F79EFBC}") = "WindowsFormsAutoClicker", "WindowsFormsAutoClicker\WindowsFormsAutoClicker.csproj", "{443646A1-B8EC-47A1-B675-D5E86F8B7598}"
EndProject
Global
	GlobalSection(SolutionConfigurationPlatforms) = preSolution
		Debug|Any CPU = Debug|Any CPU
		Release|Any CPU = Release|Any CPU
	EndGlobalSection
	GlobalSection(ProjectConfigurationPlatforms) = postSolution
		{5826B7C3-4127-427C-BBBC-BD14AD583944}.Debug|Any CPU.ActiveCfg = Debug|Any CPU
		{5826B7C3-4127-427C-BBBC-BD14AD583944}.Debug|Any CPU.Build.0 = Debug|Any CPU
		{5826B7C3-4127-427C-BBBC-BD14AD583944}.Release|Any CPU.ActiveCfg = Release|Any CPU
		{5826B7C3-4127-427C-BBBC-BD14AD583944}.Release|Any CPU.Build.0 = Release|Any CPU
		{443646A1-B8EC-47A1-B675-D5E86F8B7598}.Debug|Any CPU.ActiveCfg = Debug|Any CPU
		{443646A1-B8EC-47A1-B675-D5E86F8B7598}.Debug|Any CPU.Build.0 = Debug|Any CPU
		{443646A1-B8EC-47A1-B675-D5E86F8B7598}.Release|Any CPU.ActiveCfg = Release|Any CPU
		{443646A1-B8EC-47A1-B675-D5E86F8B7598}.Release|Any CPU.Build.0 = Release|Any CPU
	EndGlobalSection
	GlobalSection(SolutionProperties) = preSolution
		HideSolutionNode = FALSE
	EndGlobalSection
	GlobalSection(ExtensibilityGlobals) = postSolution
		SolutionGuid = {6B2A3E44-ED15-4FF6-A1EE-67EA8B1B4E4F}
	EndGlobalSection
EndGlobal
